
Microsoft Visual Studio Solution File, Format Version 12.00
# Visual Studio Version 17
VisualStudioVersion = 17.0.32112.339
MinimumVisualStudioVersion = 10.0.40219.1
Project("{FAE04EC0-301F-11D3-BF4B-00C04F79EFBC}") = "OnlineAuction.Core", "OnlineAuction.Core\OnlineAuction.Core.csproj", "{E45AC7A6-7DDE-44A5-8F33-9588D33146A6}"
EndProject
Project("{2150E333-8FDC-42A3-9474-1A3956D46DE8}") = "src", "src", "{68870F00-8679-4FEC-A62D-58CC30B5B536}"
EndProject
Project("{2150E333-8FDC-42A3-9474-1A3956D46DE8}") = "tests", "tests", "{D78E8394-35CF-4C55-8575-91CDA47F7C09}"
EndProject
Project("{FAE04EC0-301F-11D3-BF4B-00C04F79EFBC}") = "Tests", "Tests\Tests.csproj", "{06A932A9-AC8C-4322-81B0-7DF7E38186B8}"
EndProject
Global
	GlobalSection(SolutionConfigurationPlatforms) = preSolution
		Debug|Any CPU = Debug|Any CPU
		Release|Any CPU = Release|Any CPU
	EndGlobalSection
	GlobalSection(ProjectConfigurationPlatforms) = postSolution
		{E45AC7A6-7DDE-44A5-8F33-9588D33146A6}.Debug|Any CPU.ActiveCfg = Debug|Any CPU
		{E45AC7A6-7DDE-44A5-8F33-9588D33146A6}.Debug|Any CPU.Build.0 = Debug|Any CPU
		{E45AC7A6-7DDE-44A5-8F33-9588D33146A6}.Release|Any CPU.ActiveCfg = Release|Any CPU
		{E45AC7A6-7DDE-44A5-8F33-9588D33146A6}.Release|Any CPU.Build.0 = Release|Any CPU
		{06A932A9-AC8C-4322-81B0-7DF7E38186B8}.Debug|Any CPU.ActiveCfg = Debug|Any CPU
		{06A932A9-AC8C-4322-81B0-7DF7E38186B8}.Debug|Any CPU.Build.0 = Debug|Any CPU
		{06A932A9-AC8C-4322-81B0-7DF7E38186B8}.Release|Any CPU.ActiveCfg = Release|Any CPU
		{06A932A9-AC8C-4322-81B0-7DF7E38186B8}.Release|Any CPU.Build.0 = Release|Any CPU
	EndGlobalSection
	GlobalSection(SolutionProperties) = preSolution
		HideSolutionNode = FALSE
	EndGlobalSection
	GlobalSection(NestedProjects) = preSolution
		{E45AC7A6-7DDE-44A5-8F33-9588D33146A6} = {68870F00-8679-4FEC-A62D-58CC30B5B536}
		{06A932A9-AC8C-4322-81B0-7DF7E38186B8} = {D78E8394-35CF-4C55-8575-91CDA47F7C09}
	EndGlobalSection
	GlobalSection(ExtensibilityGlobals) = postSolution
		SolutionGuid = {A6F9755F-7EF8-4F1E-84DD-A008279D5D4A}
	EndGlobalSection
EndGlobal
